
Microsoft Visual Studio Solution File, Format Version 11.00
# Visual Studio 2010
Project("{FAE04EC0-301F-11D3-BF4B-00C04F79EFBC}") = "NODConverter", "NODConverter\NODConverter.csproj", "{7C1FD497-39E3-42F0-8E91-46582C2C5CEA}"
EndProject
Project("{FAE04EC0-301F-11D3-BF4B-00C04F79EFBC}") = "NODConverter.Cli", "NODConverter.Cli\NODConverter.Cli.csproj", "{CB21935B-0A5F-44F8-82D5-2F7CF6BEC01F}"
EndProject
Global
	GlobalSection(SolutionConfigurationPlatforms) = preSolution
		Debug|Any CPU = Debug|Any CPU
		Debug|Mixed Platforms = Debug|Mixed Platforms
		Debug|x86 = Debug|x86
		Release|Any CPU = Release|Any CPU
		Release|Mixed Platforms = Release|Mixed Platforms
		Release|x86 = Release|x86
	EndGlobalSection
	GlobalSection(ProjectConfigurationPlatforms) = postSolution
		{7C1FD497-39E3-42F0-8E91-46582C2C5CEA}.Debug|Any CPU.ActiveCfg = Debug|Any CPU
		{7C1FD497-39E3-42F0-8E91-46582C2C5CEA}.Debug|Any CPU.Build.0 = Debug|Any CPU
		{7C1FD497-39E3-42F0-8E91-46582C2C5CEA}.Debug|Mixed Platforms.ActiveCfg = Debug|Any CPU
		{7C1FD497-39E3-42F0-8E91-46582C2C5CEA}.Debug|Mixed Platforms.Build.0 = Debug|Any CPU
		{7C1FD497-39E3-42F0-8E91-46582C2C5CEA}.Debug|x86.ActiveCfg = Debug|Any CPU
		{7C1FD497-39E3-42F0-8E91-46582C2C5CEA}.Release|Any CPU.ActiveCfg = Release|Any CPU
		{7C1FD497-39E3-42F0-8E91-46582C2C5CEA}.Release|Any CPU.Build.0 = Release|Any CPU
		{7C1FD497-39E3-42F0-8E91-46582C2C5CEA}.Release|Mixed Platforms.ActiveCfg = Release|Any CPU
		{7C1FD497-39E3-42F0-8E91-46582C2C5CEA}.Release|Mixed Platforms.Build.0 = Release|Any CPU
		{7C1FD497-39E3-42F0-8E91-46582C2C5CEA}.Release|x86.ActiveCfg = Release|Any CPU
		{CB21935B-0A5F-44F8-82D5-2F7CF6BEC01F}.Debug|Any CPU.ActiveCfg = Debug|x86
		{CB21935B-0A5F-44F8-82D5-2F7CF6BEC01F}.Debug|Mixed Platforms.ActiveCfg = Debug|x86
		{CB21935B-0A5F-44F8-82D5-2F7CF6BEC01F}.Debug|Mixed Platforms.Build.0 = Debug|x86
		{CB21935B-0A5F-44F8-82D5-2F7CF6BEC01F}.Debug|x86.ActiveCfg = Debug|x86
		{CB21935B-0A5F-44F8-82D5-2F7CF6BEC01F}.Debug|x86.Build.0 = Debug|x86
		{CB21935B-0A5F-44F8-82D5-2F7CF6BEC01F}.Release|Any CPU.ActiveCfg = Release|x86
		{CB21935B-0A5F-44F8-82D5-2F7CF6BEC01F}.Release|Mixed Platforms.ActiveCfg = Release|x86
		{CB21935B-0A5F-44F8-82D5-2F7CF6BEC01F}.Release|Mixed Platforms.Build.0 = Release|x86
		{CB21935B-0A5F-44F8-82D5-2F7CF6BEC01F}.Release|x86.ActiveCfg = Release|x86
		{CB21935B-0A5F-44F8-82D5-2F7CF6BEC01F}.Release|x86.Build.0 = Release|x86
	EndGlobalSection
	GlobalSection(SolutionProperties) = preSolution
		HideSolutionNode = FALSE
	EndGlobalSection
EndGlobal
